
Microsoft Visual Studio Solution File, Format Version 12.00
# Visual Studio Version 16
VisualStudioVersion = 16.0.30711.63
MinimumVisualStudioVersion = 10.0.40219.1
Project("{FAE04EC0-301F-11D3-BF4B-00C04F79EFBC}") = "AuthorsTableInputForm(MessageBox)", "AuthorsTableInputForm(MessageBox).csproj", "{F6B4E58D-F110-48F5-9640-C94E8358E9BA}"
EndProject
Global
	GlobalSection(SolutionConfigurationPlatforms) = preSolution
		Debug|Any CPU = Debug|Any CPU
		Release|Any CPU = Release|Any CPU
	EndGlobalSection
	GlobalSection(ProjectConfigurationPlatforms) = postSolution
		{F6B4E58D-F110-48F5-9640-C94E8358E9BA}.Debug|Any CPU.ActiveCfg = Debug|Any CPU
		{F6B4E58D-F110-48F5-9640-C94E8358E9BA}.Debug|Any CPU.Build.0 = Debug|Any CPU
		{F6B4E58D-F110-48F5-9640-C94E8358E9BA}.Release|Any CPU.ActiveCfg = Release|Any CPU
		{F6B4E58D-F110-48F5-9640-C94E8358E9BA}.Release|Any CPU.Build.0 = Release|Any CPU
	EndGlobalSection
	GlobalSection(SolutionProperties) = preSolution
		HideSolutionNode = FALSE
	EndGlobalSection
	GlobalSection(ExtensibilityGlobals) = postSolution
		SolutionGuid = {BB371A50-31F2-4A10-90BE-FFD71519088A}
	EndGlobalSection
EndGlobal
